// !$*UTF8*$!
{
	archiveVersion = 1;
	classes = {
	};
	objectVersion = 48;
	objects = {

/* Begin PBXBuildFile section */
		0355B14520103786008B299A /* AppDelegate.swift in Sources */ = {isa = PBXBuildFile; fileRef = 0355B14420103786008B299A /* AppDelegate.swift */; };
		0355B14720103786008B299A /* ViewController.swift in Sources */ = {isa = PBXBuildFile; fileRef = 0355B14620103786008B299A /* ViewController.swift */; };
		0355B14A20103786008B299A /* Main.storyboard in Resources */ = {isa = PBXBuildFile; fileRef = 0355B14820103786008B299A /* Main.storyboard */; };
		0355B14C20103786008B299A /* Assets.xcassets in Resources */ = {isa = PBXBuildFile; fileRef = 0355B14B20103786008B299A /* Assets.xcassets */; };
		0355B14F20103786008B299A /* LaunchScreen.storyboard in Resources */ = {isa = PBXBuildFile; fileRef = 0355B14D20103786008B299A /* LaunchScreen.storyboard */; };
		0355B15A20103786008B299A /* ____Tests.swift in Sources */ = {isa = PBXBuildFile; fileRef = 0355B15920103786008B299A /* ____Tests.swift */; };
		0355B16520103786008B299A /* ____UITests.swift in Sources */ = {isa = PBXBuildFile; fileRef = 0355B16420103786008B299A /* ____UITests.swift */; };
		037765A42018221F00A68C4E /* CZRefreshView.swift in Sources */ = {isa = PBXBuildFile; fileRef = 037765A12018221F00A68C4E /* CZRefreshView.swift */; };
		037765A52018221F00A68C4E /* CZRefreshView.xib in Resources */ = {isa = PBXBuildFile; fileRef = 037765A22018221F00A68C4E /* CZRefreshView.xib */; };
		037765A62018221F00A68C4E /* CZRefreshControl.swift in Sources */ = {isa = PBXBuildFile; fileRef = 037765A32018221F00A68C4E /* CZRefreshControl.swift */; };
		037765AA201822AB00A68C4E /* CZMeituanRefreshView.xib in Resources */ = {isa = PBXBuildFile; fileRef = 037765A9201822AB00A68C4E /* CZMeituanRefreshView.xib */; };
		037765AC20182DA200A68C4E /* CZMeituanRefreshView.swift in Sources */ = {isa = PBXBuildFile; fileRef = 037765AB20182DA200A68C4E /* CZMeituanRefreshView.swift */; };
/* End PBXBuildFile section */

/* Begin PBXContainerItemProxy section */
		0355B15620103786008B299A /* PBXContainerItemProxy */ = {
			isa = PBXContainerItemProxy;
			containerPortal = 0355B13920103786008B299A /* Project object */;
			proxyType = 1;
			remoteGlobalIDString = 0355B14020103786008B299A;
			remoteInfo = "刷新控件";
		};
		0355B16120103786008B299A /* PBXContainerItemProxy */ = {
			isa = PBXContainerItemProxy;
			containerPortal = 0355B13920103786008B299A /* Project object */;
			proxyType = 1;
			remoteGlobalIDString = 0355B14020103786008B299A;
			remoteInfo = "刷新控件";
		};
/* End PBXContainerItemProxy section */

/* Begin PBXFileReference section */
		0355B14120103786008B299A /* 刷新控件.app */ = {isa = PBXFileReference; explicitFileType = wrapper.application; includeInIndex = 0; path = "刷新控件.app"; sourceTree = BUILT_PRODUCTS_DIR; };
		0355B14420103786008B299A /* AppDelegate.swift */ = {isa = PBXFileReference; lastKnownFileType = sourcecode.swift; path = AppDelegate.swift; sourceTree = "<group>"; };
		0355B14620103786008B299A /* ViewController.swift */ = {isa = PBXFileReference; lastKnownFileType = sourcecode.swift; path = ViewController.swift; sourceTree = "<group>"; };
		0355B14920103786008B299A /* Base */ = {isa = PBXFileReference; lastKnownFileType = file.storyboard; name = Base; path = Base.lproj/Main.storyboard; sourceTree = "<group>"; };
		0355B14B20103786008B299A /* Assets.xcassets */ = {isa = PBXFileReference; lastKnownFileType = folder.assetcatalog; path = Assets.xcassets; sourceTree = "<group>"; };
		0355B14E20103786008B299A /* Base */ = {isa = PBXFileReference; lastKnownFileType = file.storyboard; name = Base; path = Base.lproj/LaunchScreen.storyboard; sourceTree = "<group>"; };
		0355B15020103786008B299A /* Info.plist */ = {isa = PBXFileReference; lastKnownFileType = text.plist.xml; path = Info.plist; sourceTree = "<group>"; };
		0355B15520103786008B299A /* 刷新控件Tests.xctest */ = {isa = PBXFileReference; explicitFileType = wrapper.cfbundle; includeInIndex = 0; path = "刷新控件Tests.xctest"; sourceTree = BUILT_PRODUCTS_DIR; };
		0355B15920103786008B299A /* ____Tests.swift */ = {isa = PBXFileReference; lastKnownFileType = sourcecode.swift; path = "____Tests.swift"; sourceTree = "<group>"; };
		0355B15B20103786008B299A /* Info.plist */ = {isa = PBXFileReference; lastKnownFileType = text.plist.xml; path = Info.plist; sourceTree = "<group>"; };
		0355B16020103786008B299A /* 刷新控件UITests.xctest */ = {isa = PBXFileReference; explicitFileType = wrapper.cfbundle; includeInIndex = 0; path = "刷新控件UITests.xctest"; sourceTree = BUILT_PRODUCTS_DIR; };
		0355B16420103786008B299A /* ____UITests.swift */ = {isa = PBXFileReference; lastKnownFileType = sourcecode.swift; path = "____UITests.swift"; sourceTree = "<group>"; };
		0355B16620103786008B299A /* Info.plist */ = {isa = PBXFileReference; lastKnownFileType = text.plist.xml; path = Info.plist; sourceTree = "<group>"; };
		037765A12018221F00A68C4E /* CZRefreshView.swift */ = {isa = PBXFileReference; fileEncoding = 4; lastKnownFileType = sourcecode.swift; path = CZRefreshView.swift; sourceTree = "<group>"; };
		037765A22018221F00A68C4E /* CZRefreshView.xib */ = {isa = PBXFileReference; fileEncoding = 4; lastKnownFileType = file.xib; path = CZRefreshView.xib; sourceTree = "<group>"; };
		037765A32018221F00A68C4E /* CZRefreshControl.swift */ = {isa = PBXFileReference; fileEncoding = 4; lastKnownFileType = sourcecode.swift; path = CZRefreshControl.swift; sourceTree = "<group>"; };
		037765A9201822AB00A68C4E /* CZMeituanRefreshView.xib */ = {isa = PBXFileReference; lastKnownFileType = file.xib; path = CZMeituanRefreshView.xib; sourceTree = "<group>"; };
		037765AB20182DA200A68C4E /* CZMeituanRefreshView.swift */ = {isa = PBXFileReference; lastKnownFileType = sourcecode.swift; path = CZMeituanRefreshView.swift; sourceTree = "<group>"; };
/* End PBXFileReference section */

/* Begin PBXFrameworksBuildPhase section */
		0355B13E20103786008B299A /* Frameworks */ = {
			isa = PBXFrameworksBuildPhase;
			buildActionMask = 2147483647;
			files = (
			);
			runOnlyForDeploymentPostprocessing = 0;
		};
		0355B15220103786008B299A /* Frameworks */ = {
			isa = PBXFrameworksBuildPhase;
			buildActionMask = 2147483647;
			files = (
			);
			runOnlyForDeploymentPostprocessing = 0;
		};
		0355B15D20103786008B299A /* Frameworks */ = {
			isa = PBXFrameworksBuildPhase;
			buildActionMask = 2147483647;
			files = (
			);
			runOnlyForDeploymentPostprocessing = 0;
		};
/* End PBXFrameworksBuildPhase section */

/* Begin PBXGroup section */
		0355B13820103786008B299A = {
			isa = PBXGroup;
			children = (
				0355B14320103786008B299A /* 刷新控件 */,
				0355B15820103786008B299A /* 刷新控件Tests */,
				0355B16320103786008B299A /* 刷新控件UITests */,
				0355B14220103786008B299A /* Products */,
			);
			sourceTree = "<group>";
		};
		0355B14220103786008B299A /* Products */ = {
			isa = PBXGroup;
			children = (
				0355B14120103786008B299A /* 刷新控件.app */,
				0355B15520103786008B299A /* 刷新控件Tests.xctest */,
				0355B16020103786008B299A /* 刷新控件UITests.xctest */,
			);
			name = Products;
			sourceTree = "<group>";
		};
		0355B14320103786008B299A /* 刷新控件 */ = {
			isa = PBXGroup;
			children = (
				037765A0201821A300A68C4E /* CZRefreshControl */,
				0355B14420103786008B299A /* AppDelegate.swift */,
				0355B14620103786008B299A /* ViewController.swift */,
				0355B14820103786008B299A /* Main.storyboard */,
				0355B14B20103786008B299A /* Assets.xcassets */,
				0355B14D20103786008B299A /* LaunchScreen.storyboard */,
				0355B15020103786008B299A /* Info.plist */,
			);
			path = "刷新控件";
			sourceTree = "<group>";
		};
		0355B15820103786008B299A /* 刷新控件Tests */ = {
			isa = PBXGroup;
			children = (
				0355B15920103786008B299A /* ____Tests.swift */,
				0355B15B20103786008B299A /* Info.plist */,
			);
			path = "刷新控件Tests";
			sourceTree = "<group>";
		};
		0355B16320103786008B299A /* 刷新控件UITests */ = {
			isa = PBXGroup;
			children = (
				0355B16420103786008B299A /* ____UITests.swift */,
				0355B16620103786008B299A /* Info.plist */,
			);
			path = "刷新控件UITests";
			sourceTree = "<group>";
		};
		037765A0201821A300A68C4E /* CZRefreshControl */ = {
			isa = PBXGroup;
			children = (
				037765A32018221F00A68C4E /* CZRefreshControl.swift */,
				037765A12018221F00A68C4E /* CZRefreshView.swift */,
				037765AB20182DA200A68C4E /* CZMeituanRefreshView.swift */,
				037765A22018221F00A68C4E /* CZRefreshView.xib */,
				037765A9201822AB00A68C4E /* CZMeituanRefreshView.xib */,
			);
			path = CZRefreshControl;
			sourceTree = "<group>";
		};
/* End PBXGroup section */

/* Begin PBXNativeTarget section */
		0355B14020103786008B299A /* 刷新控件 */ = {
			isa = PBXNativeTarget;
			buildConfigurationList = 0355B16920103786008B299A /* Build configuration list for PBXNativeTarget "刷新控件" */;
			buildPhases = (
				0355B13D20103786008B299A /* Sources */,
				0355B13E20103786008B299A /* Frameworks */,
				0355B13F20103786008B299A /* Resources */,
			);
			buildRules = (
			);
			dependencies = (
			);
			name = "刷新控件";
			productName = "刷新控件";
			productReference = 0355B14120103786008B299A /* 刷新控件.app */;
			productType = "com.apple.product-type.application";
		};
		0355B15420103786008B299A /* 刷新控件Tests */ = {
			isa = PBXNativeTarget;
			buildConfigurationList = 0355B16C20103786008B299A /* Build configuration list for PBXNativeTarget "刷新控件Tests" */;
			buildPhases = (
				0355B15120103786008B299A /* Sources */,
				0355B15220103786008B299A /* Frameworks */,
				0355B15320103786008B299A /* Resources */,
			);
			buildRules = (
			);
			dependencies = (
				0355B15720103786008B299A /* PBXTargetDependency */,
			);
			name = "刷新控件Tests";
			productName = "刷新控件Tests";
			productReference = 0355B15520103786008B299A /* 刷新控件Tests.xctest */;
			productType = "com.apple.product-type.bundle.unit-test";
		};
		0355B15F20103786008B299A /* 刷新控件UITests */ = {
			isa = PBXNativeTarget;
			buildConfigurationList = 0355B16F20103786008B299A /* Build configuration list for PBXNativeTarget "刷新控件UITests" */;
			buildPhases = (
				0355B15C20103786008B299A /* Sources */,
				0355B15D20103786008B299A /* Frameworks */,
				0355B15E20103786008B299A /* Resources */,
			);
			buildRules = (
			);
			dependencies = (
				0355B16220103786008B299A /* PBXTargetDependency */,
			);
			name = "刷新控件UITests";
			productName = "刷新控件UITests";
			productReference = 0355B16020103786008B299A /* 刷新控件UITests.xctest */;
			productType = "com.apple.product-type.bundle.ui-testing";
		};
/* End PBXNativeTarget section */

/* Begin PBXProject section */
		0355B13920103786008B299A /* Project object */ = {
			isa = PBXProject;
			attributes = {
				LastSwiftUpdateCheck = 0920;
				LastUpgradeCheck = 0920;
				ORGANIZATIONNAME = boboMa;
				TargetAttributes = {
					0355B14020103786008B299A = {
						CreatedOnToolsVersion = 9.2;
						ProvisioningStyle = Automatic;
					};
					0355B15420103786008B299A = {
						CreatedOnToolsVersion = 9.2;
						ProvisioningStyle = Automatic;
						TestTargetID = 0355B14020103786008B299A;
					};
					0355B15F20103786008B299A = {
						CreatedOnToolsVersion = 9.2;
						ProvisioningStyle = Automatic;
						TestTargetID = 0355B14020103786008B299A;
					};
				};
			};
			buildConfigurationList = 0355B13C20103786008B299A /* Build configuration list for PBXProject "刷新控件" */;
			compatibilityVersion = "Xcode 8.0";
			developmentRegion = en;
			hasScannedForEncodings = 0;
			knownRegions = (
				en,
				Base,
			);
			mainGroup = 0355B13820103786008B299A;
			productRefGroup = 0355B14220103786008B299A /* Products */;
			projectDirPath = "";
			projectRoot = "";
			targets = (
				0355B14020103786008B299A /* 刷新控件 */,
				0355B15420103786008B299A /* 刷新控件Tests */,
				0355B15F20103786008B299A /* 刷新控件UITests */,
			);
		};
/* End PBXProject section */

/* Begin PBXResourcesBuildPhase section */
		0355B13F20103786008B299A /* Resources */ = {
			isa = PBXResourcesBuildPhase;
			buildActionMask = 2147483647;
			files = (
				0355B14F20103786008B299A /* LaunchScreen.storyboard in Resources */,
				037765A52018221F00A68C4E /* CZRefreshView.xib in Resources */,
				037765AA201822AB00A68C4E /* CZMeituanRefreshView.xib in Resources */,
				0355B14C20103786008B299A /* Assets.xcassets in Resources */,
				0355B14A20103786008B299A /* Main.storyboard in Resources */,
			);
			runOnlyForDeploymentPostprocessing = 0;
		};
		0355B15320103786008B299A /* Resources */ = {
			isa = PBXResourcesBuildPhase;
			buildActionMask = 2147483647;
			files = (
			);
			runOnlyForDeploymentPostprocessing = 0;
		};
		0355B15E20103786008B299A /* Resources */ = {
			isa = PBXResourcesBuildPhase;
			buildActionMask = 2147483647;
			files = (
			);
			runOnlyForDeploymentPostprocessing = 0;
		};
/* End PBXResourcesBuildPhase section */

/* Begin PBXSourcesBuildPhase section */
		0355B13D20103786008B299A /* Sources */ = {
			isa = PBXSourcesBuildPhase;
			buildActionMask = 2147483647;
			files = (
				0355B14720103786008B299A /* ViewController.swift in Sources */,
				0355B14520103786008B299A /* AppDelegate.swift in Sources */,
				037765A62018221F00A68C4E /* CZRefreshControl.swift in Sources */,
				037765AC20182DA200A68C4E /* CZMeituanRefreshView.swift in Sources */,
				037765A42018221F00A68C4E /* CZRefreshView.swift in Sources */,
			);
			runOnlyForDeploymentPostprocessing = 0;
		};
		0355B15120103786008B299A /* Sources */ = {
			isa = PBXSourcesBuildPhase;
			buildActionMask = 2147483647;
			files = (
				0355B15A20103786008B299A /* ____Tests.swift in Sources */,
			);
			runOnlyForDeploymentPostprocessing = 0;
		};
		0355B15C20103786008B299A /* Sources */ = {
			isa = PBXSourcesBuildPhase;
			buildActionMask = 2147483647;
			files = (
				0355B16520103786008B299A /* ____UITests.swift in Sources */,
			);
			runOnlyForDeploymentPostprocessing = 0;
		};
/* End PBXSourcesBuildPhase section */

/* Begin PBXTargetDependency section */
		0355B15720103786008B299A /* PBXTargetDependency */ = {
			isa = PBXTargetDependency;
			target = 0355B14020103786008B299A /* 刷新控件 */;
			targetProxy = 0355B15620103786008B299A /* PBXContainerItemProxy */;
		};
		0355B16220103786008B299A /* PBXTargetDependency */ = {
			isa = PBXTargetDependency;
			target = 0355B14020103786008B299A /* 刷新控件 */;
			targetProxy = 0355B16120103786008B299A /* PBXContainerItemProxy */;
		};
/* End PBXTargetDependency section */

/* Begin PBXVariantGroup section */
		0355B14820103786008B299A /* Main.storyboard */ = {
			isa = PBXVariantGroup;
			children = (
				0355B14920103786008B299A /* Base */,
			);
			name = Main.storyboard;
			sourceTree = "<group>";
		};
		0355B14D20103786008B299A /* LaunchScreen.storyboard */ = {
			isa = PBXVariantGroup;
			children = (
				0355B14E20103786008B299A /* Base */,
			);
			name = LaunchScreen.storyboard;
			sourceTree = "<group>";
		};
/* End PBXVariantGroup section */

/* Begin XCBuildConfiguration section */
		0355B16720103786008B299A /* Debug */ = {
			isa = XCBuildConfiguration;
			buildSettings = {
				ALWAYS_SEARCH_USER_PATHS = NO;
				CLANG_ANALYZER_NONNULL = YES;
				CLANG_ANALYZER_NUMBER_OBJECT_CONVERSION = YES_AGGRESSIVE;
				CLANG_CXX_LANGUAGE_STANDARD = "gnu++14";
				CLANG_CXX_LIBRARY = "libc++";
				CLANG_ENABLE_MODULES = YES;
				CLANG_ENABLE_OBJC_ARC = YES;
				CLANG_WARN_BLOCK_CAPTURE_AUTORELEASING = YES;
				CLANG_WARN_BOOL_CONVERSION = YES;
				CLANG_WARN_COMMA = YES;
				CLANG_WARN_CONSTANT_CONVERSION = YES;
				CLANG_WARN_DIRECT_OBJC_ISA_USAGE = YES_ERROR;
				CLANG_WARN_DOCUMENTATION_COMMENTS = YES;
				CLANG_WARN_EMPTY_BODY = YES;
				CLANG_WARN_ENUM_CONVERSION = YES;
				CLANG_WARN_INFINITE_RECURSION = YES;
				CLANG_WARN_INT_CONVERSION = YES;
				CLANG_WARN_NON_LITERAL_NULL_CONVERSION = YES;
				CLANG_WARN_OBJC_LITERAL_CONVERSION = YES;
				CLANG_WARN_OBJC_ROOT_CLASS = YES_ERROR;
				CLANG_WARN_RANGE_LOOP_ANALYSIS = YES;
				CLANG_WARN_STRICT_PROTOTYPES = YES;
				CLANG_WARN_SUSPICIOUS_MOVE = YES;
				CLANG_WARN_UNGUARDED_AVAILABILITY = YES_AGGRESSIVE;
				CLANG_WARN_UNREACHABLE_CODE = YES;
				CLANG_WARN__DUPLICATE_METHOD_MATCH = YES;
				CODE_SIGN_IDENTITY = "iPhone Developer";
				COPY_PHASE_STRIP = NO;
				DEBUG_INFORMATION_FORMAT = dwarf;
				ENABLE_STRICT_OBJC_MSGSEND = YES;
				ENABLE_TESTABILITY = YES;
				GCC_C_LANGUAGE_STANDARD = gnu11;
				GCC_DYNAMIC_NO_PIC = NO;
				GCC_NO_COMMON_BLOCKS = YES;
				GCC_OPTIMIZATION_LEVEL = 0;
				GCC_PREPROCESSOR_DEFINITIONS = (
					"DEBUG=1",
					"$(inherited)",
				);
				GCC_WARN_64_TO_32_BIT_CONVERSION = YES;
				GCC_WARN_ABOUT_RETURN_TYPE = YES_ERROR;
				GCC_WARN_UNDECLARED_SELECTOR = YES;
				GCC_WARN_UNINITIALIZED_AUTOS = YES_AGGRESSIVE;
				GCC_WARN_UNUSED_FUNCTION = YES;
				GCC_WARN_UNUSED_VARIABLE = YES;
				IPHONEOS_DEPLOYMENT_TARGET = 11.2;
				MTL_ENABLE_DEBUG_INFO = YES;
				ONLY_ACTIVE_ARCH = YES;
				SDKROOT = iphoneos;
				SWIFT_ACTIVE_COMPILATION_CONDITIONS = DEBUG;
				SWIFT_OPTIMIZATION_LEVEL = "-Onone";
			};
			name = Debug;
		};
		0355B16820103786008B299A /* Release */ = {
			isa = XCBuildConfiguration;
			buildSettings = {
				ALWAYS_SEARCH_USER_PATHS = NO;
				CLANG_ANALYZER_NONNULL = YES;
				CLANG_ANALYZER_NUMBER_OBJECT_CONVERSION = YES_AGGRESSIVE;
				CLANG_CXX_LANGUAGE_STANDARD = "gnu++14";
				CLANG_CXX_LIBRARY = "libc++";
				CLANG_ENABLE_MODULES = YES;
				CLANG_ENABLE_OBJC_ARC = YES;
				CLANG_WARN_BLOCK_CAPTURE_AUTORELEASING = YES;
				CLANG_WARN_BOOL_CONVERSION = YES;
				CLANG_WARN_COMMA = YES;
				CLANG_WARN_CONSTANT_CONVERSION = YES;
				CLANG_WARN_DIRECT_OBJC_ISA_USAGE = YES_ERROR;
				CLANG_WARN_DOCUMENTATION_COMMENTS = YES;
				CLANG_WARN_EMPTY_BODY = YES;
				CLANG_WARN_ENUM_CONVERSION = YES;
				CLANG_WARN_INFINITE_RECURSION = YES;
				CLANG_WARN_INT_CONVERSION = YES;
				CLANG_WARN_NON_LITERAL_NULL_CONVERSION = YES;
				CLANG_WARN_OBJC_LITERAL_CONVERSION = YES;
				CLANG_WARN_OBJC_ROOT_CLASS = YES_ERROR;
				CLANG_WARN_RANGE_LOOP_ANALYSIS = YES;
				CLANG_WARN_STRICT_PROTOTYPES = YES;
				CLANG_WARN_SUSPICIOUS_MOVE = YES;
				CLANG_WARN_UNGUARDED_AVAILABILITY = YES_AGGRESSIVE;
				CLANG_WARN_UNREACHABLE_CODE = YES;
				CLANG_WARN__DUPLICATE_METHOD_MATCH = YES;
				CODE_SIGN_IDENTITY = "iPhone Developer";
				COPY_PHASE_STRIP = NO;
				DEBUG_INFORMATION_FORMAT = "dwarf-with-dsym";
				ENABLE_NS_ASSERTIONS = NO;
				ENABLE_STRICT_OBJC_MSGSEND = YES;
				GCC_C_LANGUAGE_STANDARD = gnu11;
				GCC_NO_COMMON_BLOCKS = YES;
				GCC_WARN_64_TO_32_BIT_CONVERSION = YES;
				GCC_WARN_ABOUT_RETURN_TYPE = YES_ERROR;
				GCC_WARN_UNDECLARED_SELECTOR = YES;
				GCC_WARN_UNINITIALIZED_AUTOS = YES_AGGRESSIVE;
				GCC_WARN_UNUSED_FUNCTION = YES;
				GCC_WARN_UNUSED_VARIABLE = YES;
				IPHONEOS_DEPLOYMENT_TARGET = 11.2;
				MTL_ENABLE_DEBUG_INFO = NO;
				SDKROOT = iphoneos;
				SWIFT_OPTIMIZATION_LEVEL = "-Owholemodule";
				VALIDATE_PRODUCT = YES;
			};
			name = Release;
		};
		0355B16A20103786008B299A /* Debug */ = {
			isa = XCBuildConfiguration;
			buildSettings = {
				ASSETCATALOG_COMPILER_APPICON_NAME = AppIcon;
				CODE_SIGN_STYLE = Automatic;
				DEVELOPMENT_TEAM = LUPVQ8362M;
				INFOPLIST_FILE = "刷新控件/Info.plist";
				LD_RUNPATH_SEARCH_PATHS = "$(inherited) @executable_path/Frameworks";
				PRODUCT_BUNDLE_IDENTIFIER = "com.dogtop.----";
				PRODUCT_NAME = "$(TARGET_NAME)";
				SWIFT_VERSION = 4.0;
				TARGETED_DEVICE_FAMILY = "1,2";
			};
			name = Debug;
		};
		0355B16B20103786008B299A /* Release */ = {
			isa = XCBuildConfiguration;
			buildSettings = {
				ASSETCATALOG_COMPILER_APPICON_NAME = AppIcon;
				CODE_SIGN_STYLE = Automatic;
				DEVELOPMENT_TEAM = LUPVQ8362M;
				INFOPLIST_FILE = "刷新控件/Info.plist";
				LD_RUNPATH_SEARCH_PATHS = "$(inherited) @executable_path/Frameworks";
				PRODUCT_BUNDLE_IDENTIFIER = "com.dogtop.----";
				PRODUCT_NAME = "$(TARGET_NAME)";
				SWIFT_VERSION = 4.0;
				TARGETED_DEVICE_FAMILY = "1,2";
			};
			name = Release;
		};
		0355B16D20103786008B299A /* Debug */ = {
			isa = XCBuildConfiguration;
			buildSettings = {
				ALWAYS_EMBED_SWIFT_STANDARD_LIBRARIES = YES;
				BUNDLE_LOADER = "$(TEST_HOST)";
				CODE_SIGN_STYLE = Automatic;
				DEVELOPMENT_TEAM = LUPVQ8362M;
				INFOPLIST_FILE = "刷新控件Tests/Info.plist";
				LD_RUNPATH_SEARCH_PATHS = "$(inherited) @executable_path/Frameworks @loader_path/Frameworks";
				PRODUCT_BUNDLE_IDENTIFIER = "com.dogtop.----Tests";
				PRODUCT_NAME = "$(TARGET_NAME)";
				SWIFT_VERSION = 4.0;
				TARGETED_DEVICE_FAMILY = "1,2";
				TEST_HOST = "$(BUILT_PRODUCTS_DIR)/刷新控件.app/刷新控件";
			};
			name = Debug;
		};
		0355B16E20103786008B299A /* Release */ = {
			isa = XCBuildConfiguration;
			buildSettings = {
				ALWAYS_EMBED_SWIFT_STANDARD_LIBRARIES = YES;
				BUNDLE_LOADER = "$(TEST_HOST)";
				CODE_SIGN_STYLE = Automatic;
				DEVELOPMENT_TEAM = LUPVQ8362M;
				INFOPLIST_FILE = "刷新控件Tests/Info.plist";
				LD_RUNPATH_SEARCH_PATHS = "$(inherited) @executable_path/Frameworks @loader_path/Frameworks";
				PRODUCT_BUNDLE_IDENTIFIER = "com.dogtop.----Tests";
				PRODUCT_NAME = "$(TARGET_NAME)";
				SWIFT_VERSION = 4.0;
				TARGETED_DEVICE_FAMILY = "1,2";
				TEST_HOST = "$(BUILT_PRODUCTS_DIR)/刷新控件.app/刷新控件";
			};
			name = Release;
		};
		0355B17020103786008B299A /* Debug */ = {
			isa = XCBuildConfiguration;
			buildSettings = {
				ALWAYS_EMBED_SWIFT_STANDARD_LIBRARIES = YES;
				CODE_SIGN_STYLE = Automatic;
				DEVELOPMENT_TEAM = LUPVQ8362M;
				INFOPLIST_FILE = "刷新控件UITests/Info.plist";
				LD_RUNPATH_SEARCH_PATHS = "$(inherited) @executable_path/Frameworks @loader_path/Frameworks";
				PRODUCT_BUNDLE_IDENTIFIER = "com.dogtop.----UITests";
				PRODUCT_NAME = "$(TARGET_NAME)";
				SWIFT_VERSION = 4.0;
				TARGETED_DEVICE_FAMILY = "1,2";
				TEST_TARGET_NAME = "刷新控件";
			};
			name = Debug;
		};
		0355B17120103786008B299A /* Release */ = {
			isa = XCBuildConfiguration;
			buildSettings = {
				ALWAYS_EMBED_SWIFT_STANDARD_LIBRARIES = YES;
				CODE_SIGN_STYLE = Automatic;
				DEVELOPMENT_TEAM = LUPVQ8362M;
				INFOPLIST_FILE = "刷新控件UITests/Info.plist";
				LD_RUNPATH_SEARCH_PATHS = "$(inherited) @executable_path/Frameworks @loader_path/Frameworks";
				PRODUCT_BUNDLE_IDENTIFIER = "com.dogtop.----UITests";
				PRODUCT_NAME = "$(TARGET_NAME)";
				SWIFT_VERSION = 4.0;
				TARGETED_DEVICE_FAMILY = "1,2";
				TEST_TARGET_NAME = "刷新控件";
			};
			name = Release;
		};
/* End XCBuildConfiguration section */

/* Begin XCConfigurationList section */
		0355B13C20103786008B299A /* Build configuration list for PBXProject "刷新控件" */ = {
			isa = XCConfigurationList;
			buildConfigurations = (
				0355B16720103786008B299A /* Debug */,
				0355B16820103786008B299A /* Release */,
			);
			defaultConfigurationIsVisible = 0;
			defaultConfigurationName = Release;
		};
		0355B16920103786008B299A /* Build configuration list for PBXNativeTarget "刷新控件" */ = {
			isa = XCConfigurationList;
			buildConfigurations = (
				0355B16A20103786008B299A /* Debug */,
				0355B16B20103786008B299A /* Release */,
			);
			defaultConfigurationIsVisible = 0;
			defaultConfigurationName = Release;
		};
		0355B16C20103786008B299A /* Build configuration list for PBXNativeTarget "刷新控件Tests" */ = {
			isa = XCConfigurationList;
			buildConfigurations = (
				0355B16D20103786008B299A /* Debug */,
				0355B16E20103786008B299A /* Release */,
			);
			defaultConfigurationIsVisible = 0;
			defaultConfigurationName = Release;
		};
		0355B16F20103786008B299A /* Build configuration list for PBXNativeTarget "刷新控件UITests" */ = {
			isa = XCConfigurationList;
			buildConfigurations = (
				0355B17020103786008B299A /* Debug */,
				0355B17120103786008B299A /* Release */,
			);
			defaultConfigurationIsVisible = 0;
			defaultConfigurationName = Release;
		};
/* End XCConfigurationList section */
	};
	rootObject = 0355B13920103786008B299A /* Project object */;
}
